// !$*UTF8*$!
{
	archiveVersion = 1;
	classes = {
	};
	objectVersion = 50;
	objects = {

/* Begin PBXBuildFile section */
		69780DBD26A9B2660028D4AB /* learnApp.swift in Sources */ = {isa = PBXBuildFile; fileRef = 69780DBC26A9B2660028D4AB /* learnApp.swift */; };
		69780DBF26A9B2660028D4AB /* ContentView.swift in Sources */ = {isa = PBXBuildFile; fileRef = 69780DBE26A9B2660028D4AB /* ContentView.swift */; };
		69780DC126A9B2680028D4AB /* Assets.xcassets in Resources */ = {isa = PBXBuildFile; fileRef = 69780DC026A9B2680028D4AB /* Assets.xcassets */; };
		69780DC426A9B2680028D4AB /* Preview Assets.xcassets in Resources */ = {isa = PBXBuildFile; fileRef = 69780DC326A9B2680028D4AB /* Preview Assets.xcassets */; };
		69780DCF26A9B2680028D4AB /* learnTests.swift in Sources */ = {isa = PBXBuildFile; fileRef = 69780DCE26A9B2680028D4AB /* learnTests.swift */; };
		69780DDA26A9B2680028D4AB /* learnUITests.swift in Sources */ = {isa = PBXBuildFile; fileRef = 69780DD926A9B2680028D4AB /* learnUITests.swift */; };
		69780DEA26AC325F0028D4AB /* MemoryGame.swift in Sources */ = {isa = PBXBuildFile; fileRef = 69780DE926AC325F0028D4AB /* MemoryGame.swift */; };
		69780DEC26AC47110028D4AB /* EmojiMemoryGame.swift in Sources */ = {isa = PBXBuildFile; fileRef = 69780DEB26AC47110028D4AB /* EmojiMemoryGame.swift */; };
		69780DEE26ADA3340028D4AB /* Grid.swift in Sources */ = {isa = PBXBuildFile; fileRef = 69780DED26ADA3340028D4AB /* Grid.swift */; };
		69780DF026ADAA280028D4AB /* Array+Identifiable.swift in Sources */ = {isa = PBXBuildFile; fileRef = 69780DEF26ADAA280028D4AB /* Array+Identifiable.swift */; };
		69780DF426ADAB5C0028D4AB /* GridLayout.swift in Sources */ = {isa = PBXBuildFile; fileRef = 69780DF326ADAB5C0028D4AB /* GridLayout.swift */; };
		69780DF626ADB91A0028D4AB /* Array+Only.swift in Sources */ = {isa = PBXBuildFile; fileRef = 69780DF526ADB91A0028D4AB /* Array+Only.swift */; };
		69780DF826AEF3850028D4AB /* Pie.swift in Sources */ = {isa = PBXBuildFile; fileRef = 69780DF726AEF3850028D4AB /* Pie.swift */; };
		69780DFA26AEF8FA0028D4AB /* Cardify.swift in Sources */ = {isa = PBXBuildFile; fileRef = 69780DF926AEF8FA0028D4AB /* Cardify.swift */; };
/* End PBXBuildFile section */

/* Begin PBXContainerItemProxy section */
		69780DCB26A9B2680028D4AB /* PBXContainerItemProxy */ = {
			isa = PBXContainerItemProxy;
			containerPortal = 69780DB126A9B2660028D4AB /* Project object */;
			proxyType = 1;
			remoteGlobalIDString = 69780DB826A9B2660028D4AB;
			remoteInfo = learn;
		};
		69780DD626A9B2680028D4AB /* PBXContainerItemProxy */ = {
			isa = PBXContainerItemProxy;
			containerPortal = 69780DB126A9B2660028D4AB /* Project object */;
			proxyType = 1;
			remoteGlobalIDString = 69780DB826A9B2660028D4AB;
			remoteInfo = learn;
		};
/* End PBXContainerItemProxy section */

/* Begin PBXFileReference section */
		69780DB926A9B2660028D4AB /* learn.app */ = {isa = PBXFileReference; explicitFileType = wrapper.application; includeInIndex = 0; path = learn.app; sourceTree = BUILT_PRODUCTS_DIR; };
		69780DBC26A9B2660028D4AB /* learnApp.swift */ = {isa = PBXFileReference; lastKnownFileType = sourcecode.swift; path = learnApp.swift; sourceTree = "<group>"; };
		69780DBE26A9B2660028D4AB /* ContentView.swift */ = {isa = PBXFileReference; lastKnownFileType = sourcecode.swift; path = ContentView.swift; sourceTree = "<group>"; };
		69780DC026A9B2680028D4AB /* Assets.xcassets */ = {isa = PBXFileReference; lastKnownFileType = folder.assetcatalog; path = Assets.xcassets; sourceTree = "<group>"; };
		69780DC326A9B2680028D4AB /* Preview Assets.xcassets */ = {isa = PBXFileReference; lastKnownFileType = folder.assetcatalog; path = "Preview Assets.xcassets"; sourceTree = "<group>"; };
		69780DC526A9B2680028D4AB /* Info.plist */ = {isa = PBXFileReference; lastKnownFileType = text.plist.xml; path = Info.plist; sourceTree = "<group>"; };
		69780DCA26A9B2680028D4AB /* learnTests.xctest */ = {isa = PBXFileReference; explicitFileType = wrapper.cfbundle; includeInIndex = 0; path = learnTests.xctest; sourceTree = BUILT_PRODUCTS_DIR; };
		69780DCE26A9B2680028D4AB /* learnTests.swift */ = {isa = PBXFileReference; lastKnownFileType = sourcecode.swift; path = learnTests.swift; sourceTree = "<group>"; };
		69780DD026A9B2680028D4AB /* Info.plist */ = {isa = PBXFileReference; lastKnownFileType = text.plist.xml; path = Info.plist; sourceTree = "<group>"; };
		69780DD526A9B2680028D4AB /* learnUITests.xctest */ = {isa = PBXFileReference; explicitFileType = wrapper.cfbundle; includeInIndex = 0; path = learnUITests.xctest; sourceTree = BUILT_PRODUCTS_DIR; };
		69780DD926A9B2680028D4AB /* learnUITests.swift */ = {isa = PBXFileReference; lastKnownFileType = sourcecode.swift; path = learnUITests.swift; sourceTree = "<group>"; };
		69780DDB26A9B2680028D4AB /* Info.plist */ = {isa = PBXFileReference; lastKnownFileType = text.plist.xml; path = Info.plist; sourceTree = "<group>"; };
		69780DE926AC325F0028D4AB /* MemoryGame.swift */ = {isa = PBXFileReference; lastKnownFileType = sourcecode.swift; path = MemoryGame.swift; sourceTree = "<group>"; };
		69780DEB26AC47110028D4AB /* EmojiMemoryGame.swift */ = {isa = PBXFileReference; lastKnownFileType = sourcecode.swift; path = EmojiMemoryGame.swift; sourceTree = "<group>"; };
		69780DED26ADA3340028D4AB /* Grid.swift */ = {isa = PBXFileReference; lastKnownFileType = sourcecode.swift; path = Grid.swift; sourceTree = "<group>"; };
		69780DEF26ADAA280028D4AB /* Array+Identifiable.swift */ = {isa = PBXFileReference; lastKnownFileType = sourcecode.swift; path = "Array+Identifiable.swift"; sourceTree = "<group>"; };
		69780DF326ADAB5C0028D4AB /* GridLayout.swift */ = {isa = PBXFileReference; fileEncoding = 4; lastKnownFileType = sourcecode.swift; name = GridLayout.swift; path = ../../../../Downloads/GridLayout.swift; sourceTree = "<group>"; };
		69780DF526ADB91A0028D4AB /* Array+Only.swift */ = {isa = PBXFileReference; lastKnownFileType = sourcecode.swift; path = "Array+Only.swift"; sourceTree = "<group>"; };
		69780DF726AEF3850028D4AB /* Pie.swift */ = {isa = PBXFileReference; lastKnownFileType = sourcecode.swift; path = Pie.swift; sourceTree = "<group>"; };
		69780DF926AEF8FA0028D4AB /* Cardify.swift */ = {isa = PBXFileReference; lastKnownFileType = sourcecode.swift; path = Cardify.swift; sourceTree = "<group>"; };
/* End PBXFileReference section */

/* Begin PBXFrameworksBuildPhase section */
		69780DB626A9B2660028D4AB /* Frameworks */ = {
			isa = PBXFrameworksBuildPhase;
			buildActionMask = 2147483647;
			files = (
			);
			runOnlyForDeploymentPostprocessing = 0;
		};
		69780DC726A9B2680028D4AB /* Frameworks */ = {
			isa = PBXFrameworksBuildPhase;
			buildActionMask = 2147483647;
			files = (
			);
			runOnlyForDeploymentPostprocessing = 0;
		};
		69780DD226A9B2680028D4AB /* Frameworks */ = {
			isa = PBXFrameworksBuildPhase;
			buildActionMask = 2147483647;
			files = (
			);
			runOnlyForDeploymentPostprocessing = 0;
		};
/* End PBXFrameworksBuildPhase section */

/* Begin PBXGroup section */
		69780DB026A9B2660028D4AB = {
			isa = PBXGroup;
			children = (
				69780DBB26A9B2660028D4AB /* learn */,
				69780DCD26A9B2680028D4AB /* learnTests */,
				69780DD826A9B2680028D4AB /* learnUITests */,
				69780DBA26A9B2660028D4AB /* Products */,
			);
			sourceTree = "<group>";
		};
		69780DBA26A9B2660028D4AB /* Products */ = {
			isa = PBXGroup;
			children = (
				69780DB926A9B2660028D4AB /* learn.app */,
				69780DCA26A9B2680028D4AB /* learnTests.xctest */,
				69780DD526A9B2680028D4AB /* learnUITests.xctest */,
			);
			name = Products;
			sourceTree = "<group>";
		};
		69780DBB26A9B2660028D4AB /* learn */ = {
			isa = PBXGroup;
			children = (
				69780DF326ADAB5C0028D4AB /* GridLayout.swift */,
				69780DBC26A9B2660028D4AB /* learnApp.swift */,
				69780DBE26A9B2660028D4AB /* ContentView.swift */,
				69780DC026A9B2680028D4AB /* Assets.xcassets */,
				69780DC526A9B2680028D4AB /* Info.plist */,
				69780DC226A9B2680028D4AB /* Preview Content */,
				69780DE926AC325F0028D4AB /* MemoryGame.swift */,
				69780DEB26AC47110028D4AB /* EmojiMemoryGame.swift */,
				69780DED26ADA3340028D4AB /* Grid.swift */,
				69780DEF26ADAA280028D4AB /* Array+Identifiable.swift */,
				69780DF526ADB91A0028D4AB /* Array+Only.swift */,
				69780DF726AEF3850028D4AB /* Pie.swift */,
				69780DF926AEF8FA0028D4AB /* Cardify.swift */,
			);
			path = learn;
			sourceTree = "<group>";
		};
		69780DC226A9B2680028D4AB /* Preview Content */ = {
			isa = PBXGroup;
			children = (
				69780DC326A9B2680028D4AB /* Preview Assets.xcassets */,
			);
			path = "Preview Content";
			sourceTree = "<group>";
		};
		69780DCD26A9B2680028D4AB /* learnTests */ = {
			isa = PBXGroup;
			children = (
				69780DCE26A9B2680028D4AB /* learnTests.swift */,
				69780DD026A9B2680028D4AB /* Info.plist */,
			);
			path = learnTests;
			sourceTree = "<group>";
		};
		69780DD826A9B2680028D4AB /* learnUITests */ = {
			isa = PBXGroup;
			children = (
				69780DD926A9B2680028D4AB /* learnUITests.swift */,
				69780DDB26A9B2680028D4AB /* Info.plist */,
			);
			path = learnUITests;
			sourceTree = "<group>";
		};
/* End PBXGroup section */

/* Begin PBXNativeTarget section */
		69780DB826A9B2660028D4AB /* learn */ = {
			isa = PBXNativeTarget;
			buildConfigurationList = 69780DDE26A9B2680028D4AB /* Build configuration list for PBXNativeTarget "learn" */;
			buildPhases = (
				69780DB526A9B2660028D4AB /* Sources */,
				69780DB626A9B2660028D4AB /* Frameworks */,
				69780DB726A9B2660028D4AB /* Resources */,
			);
			buildRules = (
			);
			dependencies = (
			);
			name = learn;
			productName = learn;
			productReference = 69780DB926A9B2660028D4AB /* learn.app */;
			productType = "com.apple.product-type.application";
		};
		69780DC926A9B2680028D4AB /* learnTests */ = {
			isa = PBXNativeTarget;
			buildConfigurationList = 69780DE126A9B2680028D4AB /* Build configuration list for PBXNativeTarget "learnTests" */;
			buildPhases = (
				69780DC626A9B2680028D4AB /* Sources */,
				69780DC726A9B2680028D4AB /* Frameworks */,
				69780DC826A9B2680028D4AB /* Resources */,
			);
			buildRules = (
			);
			dependencies = (
				69780DCC26A9B2680028D4AB /* PBXTargetDependency */,
			);
			name = learnTests;
			productName = learnTests;
			productReference = 69780DCA26A9B2680028D4AB /* learnTests.xctest */;
			productType = "com.apple.product-type.bundle.unit-test";
		};
		69780DD426A9B2680028D4AB /* learnUITests */ = {
			isa = PBXNativeTarget;
			buildConfigurationList = 69780DE426A9B2680028D4AB /* Build configuration list for PBXNativeTarget "learnUITests" */;
			buildPhases = (
				69780DD126A9B2680028D4AB /* Sources */,
				69780DD226A9B2680028D4AB /* Frameworks */,
				69780DD326A9B2680028D4AB /* Resources */,
			);
			buildRules = (
			);
			dependencies = (
				69780DD726A9B2680028D4AB /* PBXTargetDependency */,
			);
			name = learnUITests;
			productName = learnUITests;
			productReference = 69780DD526A9B2680028D4AB /* learnUITests.xctest */;
			productType = "com.apple.product-type.bundle.ui-testing";
		};
/* End PBXNativeTarget section */

/* Begin PBXProject section */
		69780DB126A9B2660028D4AB /* Project object */ = {
			isa = PBXProject;
			attributes = {
				LastSwiftUpdateCheck = 1250;
				LastUpgradeCheck = 1250;
				TargetAttributes = {
					69780DB826A9B2660028D4AB = {
						CreatedOnToolsVersion = 12.5.1;
					};
					69780DC926A9B2680028D4AB = {
						CreatedOnToolsVersion = 12.5.1;
						TestTargetID = 69780DB826A9B2660028D4AB;
					};
					69780DD426A9B2680028D4AB = {
						CreatedOnToolsVersion = 12.5.1;
						TestTargetID = 69780DB826A9B2660028D4AB;
					};
				};
			};
			buildConfigurationList = 69780DB426A9B2660028D4AB /* Build configuration list for PBXProject "learn" */;
			compatibilityVersion = "Xcode 9.3";
			developmentRegion = en;
			hasScannedForEncodings = 0;
			knownRegions = (
				en,
				Base,
			);
			mainGroup = 69780DB026A9B2660028D4AB;
			productRefGroup = 69780DBA26A9B2660028D4AB /* Products */;
			projectDirPath = "";
			projectRoot = "";
			targets = (
				69780DB826A9B2660028D4AB /* learn */,
				69780DC926A9B2680028D4AB /* learnTests */,
				69780DD426A9B2680028D4AB /* learnUITests */,
			);
		};
/* End PBXProject section */

/* Begin PBXResourcesBuildPhase section */
		69780DB726A9B2660028D4AB /* Resources */ = {
			isa = PBXResourcesBuildPhase;
			buildActionMask = 2147483647;
			files = (
				69780DC426A9B2680028D4AB /* Preview Assets.xcassets in Resources */,
				69780DC126A9B2680028D4AB /* Assets.xcassets in Resources */,
			);
			runOnlyForDeploymentPostprocessing = 0;
		};
		69780DC826A9B2680028D4AB /* Resources */ = {
			isa = PBXResourcesBuildPhase;
			buildActionMask = 2147483647;
			files = (
			);
			runOnlyForDeploymentPostprocessing = 0;
		};
		69780DD326A9B2680028D4AB /* Resources */ = {
			isa = PBXResourcesBuildPhase;
			buildActionMask = 2147483647;
			files = (
			);
			runOnlyForDeploymentPostprocessing = 0;
		};
/* End PBXResourcesBuildPhase section */

/* Begin PBXSourcesBuildPhase section */
		69780DB526A9B2660028D4AB /* Sources */ = {
			isa = PBXSourcesBuildPhase;
			buildActionMask = 2147483647;
			files = (
				69780DEA26AC325F0028D4AB /* MemoryGame.swift in Sources */,
				69780DBF26A9B2660028D4AB /* ContentView.swift in Sources */,
				69780DBD26A9B2660028D4AB /* learnApp.swift in Sources */,
				69780DF826AEF3850028D4AB /* Pie.swift in Sources */,
				69780DEE26ADA3340028D4AB /* Grid.swift in Sources */,
				69780DEC26AC47110028D4AB /* EmojiMemoryGame.swift in Sources */,
				69780DF026ADAA280028D4AB /* Array+Identifiable.swift in Sources */,
				69780DF426ADAB5C0028D4AB /* GridLayout.swift in Sources */,
				69780DFA26AEF8FA0028D4AB /* Cardify.swift in Sources */,
				69780DF626ADB91A0028D4AB /* Array+Only.swift in Sources */,
			);
			runOnlyForDeploymentPostprocessing = 0;
		};
		69780DC626A9B2680028D4AB /* Sources */ = {
			isa = PBXSourcesBuildPhase;
			buildActionMask = 2147483647;
			files = (
				69780DCF26A9B2680028D4AB /* learnTests.swift in Sources */,
			);
			runOnlyForDeploymentPostprocessing = 0;
		};
		69780DD126A9B2680028D4AB /* Sources */ = {
			isa = PBXSourcesBuildPhase;
			buildActionMask = 2147483647;
			files = (
				69780DDA26A9B2680028D4AB /* learnUITests.swift in Sources */,
			);
			runOnlyForDeploymentPostprocessing = 0;
		};
/* End PBXSourcesBuildPhase section */

/* Begin PBXTargetDependency section */
		69780DCC26A9B2680028D4AB /* PBXTargetDependency */ = {
			isa = PBXTargetDependency;
			target = 69780DB826A9B2660028D4AB /* learn */;
			targetProxy = 69780DCB26A9B2680028D4AB /* PBXContainerItemProxy */;
		};
		69780DD726A9B2680028D4AB /* PBXTargetDependency */ = {
			isa = PBXTargetDependency;
			target = 69780DB826A9B2660028D4AB /* learn */;
			targetProxy = 69780DD626A9B2680028D4AB /* PBXContainerItemProxy */;
		};
/* End PBXTargetDependency section */

/* Begin XCBuildConfiguration section */
		69780DDC26A9B2680028D4AB /* Debug */ = {
			isa = XCBuildConfiguration;
			buildSettings = {
				ALWAYS_SEARCH_USER_PATHS = NO;
				CLANG_ANALYZER_NONNULL = YES;
				CLANG_ANALYZER_NUMBER_OBJECT_CONVERSION = YES_AGGRESSIVE;
				CLANG_CXX_LANGUAGE_STANDARD = "gnu++14";
				CLANG_CXX_LIBRARY = "libc++";
				CLANG_ENABLE_MODULES = YES;
				CLANG_ENABLE_OBJC_ARC = YES;
				CLANG_ENABLE_OBJC_WEAK = YES;
				CLANG_WARN_BLOCK_CAPTURE_AUTORELEASING = YES;
				CLANG_WARN_BOOL_CONVERSION = YES;
				CLANG_WARN_COMMA = YES;
				CLANG_WARN_CONSTANT_CONVERSION = YES;
				CLANG_WARN_DEPRECATED_OBJC_IMPLEMENTATIONS = YES;
				CLANG_WARN_DIRECT_OBJC_ISA_USAGE = YES_ERROR;
				CLANG_WARN_DOCUMENTATION_COMMENTS = YES;
				CLANG_WARN_EMPTY_BODY = YES;
				CLANG_WARN_ENUM_CONVERSION = YES;
				CLANG_WARN_INFINITE_RECURSION = YES;
				CLANG_WARN_INT_CONVERSION = YES;
				CLANG_WARN_NON_LITERAL_NULL_CONVERSION = YES;
				CLANG_WARN_OBJC_IMPLICIT_RETAIN_SELF = YES;
				CLANG_WARN_OBJC_LITERAL_CONVERSION = YES;
				CLANG_WARN_OBJC_ROOT_CLASS = YES_ERROR;
				CLANG_WARN_QUOTED_INCLUDE_IN_FRAMEWORK_HEADER = YES;
				CLANG_WARN_RANGE_LOOP_ANALYSIS = YES;
				CLANG_WARN_STRICT_PROTOTYPES = YES;
				CLANG_WARN_SUSPICIOUS_MOVE = YES;
				CLANG_WARN_UNGUARDED_AVAILABILITY = YES_AGGRESSIVE;
				CLANG_WARN_UNREACHABLE_CODE = YES;
				CLANG_WARN__DUPLICATE_METHOD_MATCH = YES;
				COPY_PHASE_STRIP = NO;
				DEBUG_INFORMATION_FORMAT = dwarf;
				ENABLE_STRICT_OBJC_MSGSEND = YES;
				ENABLE_TESTABILITY = YES;
				GCC_C_LANGUAGE_STANDARD = gnu11;
				GCC_DYNAMIC_NO_PIC = NO;
				GCC_NO_COMMON_BLOCKS = YES;
				GCC_OPTIMIZATION_LEVEL = 0;
				GCC_PREPROCESSOR_DEFINITIONS = (
					"DEBUG=1",
					"$(inherited)",
				);
				GCC_WARN_64_TO_32_BIT_CONVERSION = YES;
				GCC_WARN_ABOUT_RETURN_TYPE = YES_ERROR;
				GCC_WARN_UNDECLARED_SELECTOR = YES;
				GCC_WARN_UNINITIALIZED_AUTOS = YES_AGGRESSIVE;
				GCC_WARN_UNUSED_FUNCTION = YES;
				GCC_WARN_UNUSED_VARIABLE = YES;
				IPHONEOS_DEPLOYMENT_TARGET = 14.5;
				MTL_ENABLE_DEBUG_INFO = INCLUDE_SOURCE;
				MTL_FAST_MATH = YES;
				ONLY_ACTIVE_ARCH = YES;
				SDKROOT = iphoneos;
				SWIFT_ACTIVE_COMPILATION_CONDITIONS = DEBUG;
				SWIFT_OPTIMIZATION_LEVEL = "-Onone";
			};
			name = Debug;
		};
		69780DDD26A9B2680028D4AB /* Release */ = {
			isa = XCBuildConfiguration;
			buildSettings = {
				ALWAYS_SEARCH_USER_PATHS = NO;
				CLANG_ANALYZER_NONNULL = YES;
				CLANG_ANALYZER_NUMBER_OBJECT_CONVERSION = YES_AGGRESSIVE;
				CLANG_CXX_LANGUAGE_STANDARD = "gnu++14";
				CLANG_CXX_LIBRARY = "libc++";
				CLANG_ENABLE_MODULES = YES;
				CLANG_ENABLE_OBJC_ARC = YES;
				CLANG_ENABLE_OBJC_WEAK = YES;
				CLANG_WARN_BLOCK_CAPTURE_AUTORELEASING = YES;
				CLANG_WARN_BOOL_CONVERSION = YES;
				CLANG_WARN_COMMA = YES;
				CLANG_WARN_CONSTANT_CONVERSION = YES;
				CLANG_WARN_DEPRECATED_OBJC_IMPLEMENTATIONS = YES;
				CLANG_WARN_DIRECT_OBJC_ISA_USAGE = YES_ERROR;
				CLANG_WARN_DOCUMENTATION_COMMENTS = YES;
				CLANG_WARN_EMPTY_BODY = YES;
				CLANG_WARN_ENUM_CONVERSION = YES;
				CLANG_WARN_INFINITE_RECURSION = YES;
				CLANG_WARN_INT_CONVERSION = YES;
				CLANG_WARN_NON_LITERAL_NULL_CONVERSION = YES;
				CLANG_WARN_OBJC_IMPLICIT_RETAIN_SELF = YES;
				CLANG_WARN_OBJC_LITERAL_CONVERSION = YES;
				CLANG_WARN_OBJC_ROOT_CLASS = YES_ERROR;
				CLANG_WARN_QUOTED_INCLUDE_IN_FRAMEWORK_HEADER = YES;
				CLANG_WARN_RANGE_LOOP_ANALYSIS = YES;
				CLANG_WARN_STRICT_PROTOTYPES = YES;
				CLANG_WARN_SUSPICIOUS_MOVE = YES;
				CLANG_WARN_UNGUARDED_AVAILABILITY = YES_AGGRESSIVE;
				CLANG_WARN_UNREACHABLE_CODE = YES;
				CLANG_WARN__DUPLICATE_METHOD_MATCH = YES;
				COPY_PHASE_STRIP = NO;
				DEBUG_INFORMATION_FORMAT = "dwarf-with-dsym";
				ENABLE_NS_ASSERTIONS = NO;
				ENABLE_STRICT_OBJC_MSGSEND = YES;
				GCC_C_LANGUAGE_STANDARD = gnu11;
				GCC_NO_COMMON_BLOCKS = YES;
				GCC_WARN_64_TO_32_BIT_CONVERSION = YES;
				GCC_WARN_ABOUT_RETURN_TYPE = YES_ERROR;
				GCC_WARN_UNDECLARED_SELECTOR = YES;
				GCC_WARN_UNINITIALIZED_AUTOS = YES_AGGRESSIVE;
				GCC_WARN_UNUSED_FUNCTION = YES;
				GCC_WARN_UNUSED_VARIABLE = YES;
				IPHONEOS_DEPLOYMENT_TARGET = 14.5;
				MTL_ENABLE_DEBUG_INFO = NO;
				MTL_FAST_MATH = YES;
				SDKROOT = iphoneos;
				SWIFT_COMPILATION_MODE = wholemodule;
				SWIFT_OPTIMIZATION_LEVEL = "-O";
				VALIDATE_PRODUCT = YES;
			};
			name = Release;
		};
		69780DDF26A9B2680028D4AB /* Debug */ = {
			isa = XCBuildConfiguration;
			buildSettings = {
				ASSETCATALOG_COMPILER_APPICON_NAME = AppIcon;
				ASSETCATALOG_COMPILER_GLOBAL_ACCENT_COLOR_NAME = AccentColor;
				CODE_SIGN_STYLE = Automatic;
				DEVELOPMENT_ASSET_PATHS = "\"learn/Preview Content\"";
				ENABLE_PREVIEWS = YES;
				INFOPLIST_FILE = learn/Info.plist;
				IPHONEOS_DEPLOYMENT_TARGET = 14.0;
				LD_RUNPATH_SEARCH_PATHS = (
					"$(inherited)",
					"@executable_path/Frameworks",
				);
				PRODUCT_BUNDLE_IDENTIFIER = com.lqy.learn;
				PRODUCT_NAME = "$(TARGET_NAME)";
				SWIFT_VERSION = 5.0;
				TARGETED_DEVICE_FAMILY = "1,2";
			};
			name = Debug;
		};
		69780DE026A9B2680028D4AB /* Release */ = {
			isa = XCBuildConfiguration;
			buildSettings = {
				ASSETCATALOG_COMPILER_APPICON_NAME = AppIcon;
				ASSETCATALOG_COMPILER_GLOBAL_ACCENT_COLOR_NAME = AccentColor;
				CODE_SIGN_STYLE = Automatic;
				DEVELOPMENT_ASSET_PATHS = "\"learn/Preview Content\"";
				ENABLE_PREVIEWS = YES;
				INFOPLIST_FILE = learn/Info.plist;
				IPHONEOS_DEPLOYMENT_TARGET = 14.0;
				LD_RUNPATH_SEARCH_PATHS = (
					"$(inherited)",
					"@executable_path/Frameworks",
				);
				PRODUCT_BUNDLE_IDENTIFIER = com.lqy.learn;
				PRODUCT_NAME = "$(TARGET_NAME)";
				SWIFT_VERSION = 5.0;
				TARGETED_DEVICE_FAMILY = "1,2";
			};
			name = Release;
		};
		69780DE226A9B2680028D4AB /* Debug */ = {
			isa = XCBuildConfiguration;
			buildSettings = {
				ALWAYS_EMBED_SWIFT_STANDARD_LIBRARIES = YES;
				BUNDLE_LOADER = "$(TEST_HOST)";
				CODE_SIGN_STYLE = Automatic;
				INFOPLIST_FILE = learnTests/Info.plist;
				IPHONEOS_DEPLOYMENT_TARGET = 14.0;
				LD_RUNPATH_SEARCH_PATHS = (
					"$(inherited)",
					"@executable_path/Frameworks",
					"@loader_path/Frameworks",
				);
				PRODUCT_BUNDLE_IDENTIFIER = com.lqy.learnTests;
				PRODUCT_NAME = "$(TARGET_NAME)";
				SWIFT_VERSION = 5.0;
				TARGETED_DEVICE_FAMILY = "1,2";
				TEST_HOST = "$(BUILT_PRODUCTS_DIR)/learn.app/learn";
			};
			name = Debug;
		};
		69780DE326A9B2680028D4AB /* Release */ = {
			isa = XCBuildConfiguration;
			buildSettings = {
				ALWAYS_EMBED_SWIFT_STANDARD_LIBRARIES = YES;
				BUNDLE_LOADER = "$(TEST_HOST)";
				CODE_SIGN_STYLE = Automatic;
				INFOPLIST_FILE = learnTests/Info.plist;
				IPHONEOS_DEPLOYMENT_TARGET = 14.0;
				LD_RUNPATH_SEARCH_PATHS = (
					"$(inherited)",
					"@executable_path/Frameworks",
					"@loader_path/Frameworks",
				);
				PRODUCT_BUNDLE_IDENTIFIER = com.lqy.learnTests;
				PRODUCT_NAME = "$(TARGET_NAME)";
				SWIFT_VERSION = 5.0;
				TARGETED_DEVICE_FAMILY = "1,2";
				TEST_HOST = "$(BUILT_PRODUCTS_DIR)/learn.app/learn";
			};
			name = Release;
		};
		69780DE526A9B2680028D4AB /* Debug */ = {
			isa = XCBuildConfiguration;
			buildSettings = {
				ALWAYS_EMBED_SWIFT_STANDARD_LIBRARIES = YES;
				CODE_SIGN_STYLE = Automatic;
				INFOPLIST_FILE = learnUITests/Info.plist;
				LD_RUNPATH_SEARCH_PATHS = (
					"$(inherited)",
					"@executable_path/Frameworks",
					"@loader_path/Frameworks",
				);
				PRODUCT_BUNDLE_IDENTIFIER = com.lqy.learnUITests;
				PRODUCT_NAME = "$(TARGET_NAME)";
				SWIFT_VERSION = 5.0;
				TARGETED_DEVICE_FAMILY = "1,2";
				TEST_TARGET_NAME = learn;
			};
			name = Debug;
		};
		69780DE626A9B2680028D4AB /* Release */ = {
			isa = XCBuildConfiguration;
			buildSettings = {
				ALWAYS_EMBED_SWIFT_STANDARD_LIBRARIES = YES;
				CODE_SIGN_STYLE = Automatic;
				INFOPLIST_FILE = learnUITests/Info.plist;
				LD_RUNPATH_SEARCH_PATHS = (
					"$(inherited)",
					"@executable_path/Frameworks",
					"@loader_path/Frameworks",
				);
				PRODUCT_BUNDLE_IDENTIFIER = com.lqy.learnUITests;
				PRODUCT_NAME = "$(TARGET_NAME)";
				SWIFT_VERSION = 5.0;
				TARGETED_DEVICE_FAMILY = "1,2";
				TEST_TARGET_NAME = learn;
			};
			name = Release;
		};
/* End XCBuildConfiguration section */

/* Begin XCConfigurationList section */
		69780DB426A9B2660028D4AB /* Build configuration list for PBXProject "learn" */ = {
			isa = XCConfigurationList;
			buildConfigurations = (
				69780DDC26A9B2680028D4AB /* Debug */,
				69780DDD26A9B2680028D4AB /* Release */,
			);
			defaultConfigurationIsVisible = 0;
			defaultConfigurationName = Release;
		};
		69780DDE26A9B2680028D4AB /* Build configuration list for PBXNativeTarget "learn" */ = {
			isa = XCConfigurationList;
			buildConfigurations = (
				69780DDF26A9B2680028D4AB /* Debug */,
				69780DE026A9B2680028D4AB /* Release */,
			);
			defaultConfigurationIsVisible = 0;
			defaultConfigurationName = Release;
		};
		69780DE126A9B2680028D4AB /* Build configuration list for PBXNativeTarget "learnTests" */ = {
			isa = XCConfigurationList;
			buildConfigurations = (
				69780DE226A9B2680028D4AB /* Debug */,
				69780DE326A9B2680028D4AB /* Release */,
			);
			defaultConfigurationIsVisible = 0;
			defaultConfigurationName = Release;
		};
		69780DE426A9B2680028D4AB /* Build configuration list for PBXNativeTarget "learnUITests" */ = {
			isa = XCConfigurationList;
			buildConfigurations = (
				69780DE526A9B2680028D4AB /* Debug */,
				69780DE626A9B2680028D4AB /* Release */,
			);
			defaultConfigurationIsVisible = 0;
			defaultConfigurationName = Release;
		};
/* End XCConfigurationList section */
	};
	rootObject = 69780DB126A9B2660028D4AB /* Project object */;
}
